{
  "name": "experiments",
  "lockfileVersion": 3,
  "requires": true,
  "packages": {
    "": {
      "dependencies": {
        "@web-applets/sdk": "^0.2.4"
      }
    },
    "node_modules/@web-applets/sdk": {
      "version": "0.2.4",
      "resolved": "https://registry.npmjs.org/@web-applets/sdk/-/sdk-0.2.4.tgz",
      "integrity": "sha512-IqbZbV7s0BPH6TAZltDqMadglHBidzC/MuOg7AAlTRxZvqZZS+tdx95pUA+B4ro7lXcCDvrT2Vi6nFUXNpzTVA==",
      "license": "MIT"
    }
  }
}
